
Microsoft Visual Studio Solution File, Format Version 12.00
# Visual Studio Version 17
VisualStudioVersion = 17.3.32929.385
MinimumVisualStudioVersion = 10.0.40219.1
Project("{FAE04EC0-301F-11D3-BF4B-00C04F79EFBC}") = "MenuStrip", "MenuStrip\MenuStrip.csproj", "{087292E8-7588-4C60-B834-284CF169EC9D}"
EndProject
Global
	GlobalSection(SolutionConfigurationPlatforms) = preSolution
		Debug|Any CPU = Debug|Any CPU
		Release|Any CPU = Release|Any CPU
	EndGlobalSection
	GlobalSection(ProjectConfigurationPlatforms) = postSolution
		{087292E8-7588-4C60-B834-284CF169EC9D}.Debug|Any CPU.ActiveCfg = Debug|Any CPU
		{087292E8-7588-4C60-B834-284CF169EC9D}.Debug|Any CPU.Build.0 = Debug|Any CPU
		{087292E8-7588-4C60-B834-284CF169EC9D}.Release|Any CPU.ActiveCfg = Release|Any CPU
		{087292E8-7588-4C60-B834-284CF169EC9D}.Release|Any CPU.Build.0 = Release|Any CPU
	EndGlobalSection
	GlobalSection(SolutionProperties) = preSolution
		HideSolutionNode = FALSE
	EndGlobalSection
	GlobalSection(ExtensibilityGlobals) = postSolution
		SolutionGuid = {03846008-59DB-4DB4-A3C9-DA38BC579611}
	EndGlobalSection
EndGlobal
